
Microsoft Visual Studio Solution File, Format Version 12.00
# Visual Studio Version 17
VisualStudioVersion = 17.4.33213.308
MinimumVisualStudioVersion = 10.0.40219.1
Project("{FAE04EC0-301F-11D3-BF4B-00C04F79EFBC}") = "GenericClassRecreation", "GenericClassRecreation.csproj", "{567412D9-8CC7-4B77-9CB4-4621B83BF09E}"
EndProject
Global
	GlobalSection(SolutionConfigurationPlatforms) = preSolution
		Debug|Any CPU = Debug|Any CPU
		Release|Any CPU = Release|Any CPU
	EndGlobalSection
	GlobalSection(ProjectConfigurationPlatforms) = postSolution
		{567412D9-8CC7-4B77-9CB4-4621B83BF09E}.Debug|Any CPU.ActiveCfg = Debug|Any CPU
		{567412D9-8CC7-4B77-9CB4-4621B83BF09E}.Debug|Any CPU.Build.0 = Debug|Any CPU
		{567412D9-8CC7-4B77-9CB4-4621B83BF09E}.Release|Any CPU.ActiveCfg = Release|Any CPU
		{567412D9-8CC7-4B77-9CB4-4621B83BF09E}.Release|Any CPU.Build.0 = Release|Any CPU
	EndGlobalSection
	GlobalSection(SolutionProperties) = preSolution
		HideSolutionNode = FALSE
	EndGlobalSection
	GlobalSection(ExtensibilityGlobals) = postSolution
		SolutionGuid = {922963BF-6716-4B64-98A6-98A41BC2E32D}
	EndGlobalSection
EndGlobal
